// !$*UTF8*$!
{
	archiveVersion = 1;
	classes = {
	};
	objectVersion = 50;
	objects = {

/* Begin PBXBuildFile section */
		3AA704A053397464F96E5484 /* Pods_Junior_Studios.framework in Frameworks */ = {isa = PBXBuildFile; fileRef = D9EBD438042D87C1424E52CF /* Pods_Junior_Studios.framework */; };
		CB1BB0F32623292D00C741A1 /* AlbumModel.swift in Sources */ = {isa = PBXBuildFile; fileRef = CB1BB0F22623292D00C741A1 /* AlbumModel.swift */; };
		CB1BB0F926237D3100C741A1 /* AlbumViewController.swift in Sources */ = {isa = PBXBuildFile; fileRef = CB1BB0F826237D3100C741A1 /* AlbumViewController.swift */; };
		CB1BB0FC26237D3B00C741A1 /* Album.storyboard in Resources */ = {isa = PBXBuildFile; fileRef = CB1BB0FB26237D3B00C741A1 /* Album.storyboard */; };
		CB1BB10326237E3B00C741A1 /* AlbumCollectionViewCell.xib in Resources */ = {isa = PBXBuildFile; fileRef = CB1BB10126237E3B00C741A1 /* AlbumCollectionViewCell.xib */; };
		CB1BB10426237E3B00C741A1 /* AlbumCollectionViewCell.swift in Sources */ = {isa = PBXBuildFile; fileRef = CB1BB10226237E3B00C741A1 /* AlbumCollectionViewCell.swift */; };
		CB1BB10826238FB600C741A1 /* AlbumAssetModel.swift in Sources */ = {isa = PBXBuildFile; fileRef = CB1BB10726238FB600C741A1 /* AlbumAssetModel.swift */; };
		CB6893662622173B00A4C558 /* AppDelegate.swift in Sources */ = {isa = PBXBuildFile; fileRef = CB6893652622173B00A4C558 /* AppDelegate.swift */; };
		CB6893682622173B00A4C558 /* SceneDelegate.swift in Sources */ = {isa = PBXBuildFile; fileRef = CB6893672622173B00A4C558 /* SceneDelegate.swift */; };
		CB68936F2622173C00A4C558 /* Assets.xcassets in Resources */ = {isa = PBXBuildFile; fileRef = CB68936E2622173C00A4C558 /* Assets.xcassets */; };
		CB6893722622173C00A4C558 /* LaunchScreen.storyboard in Resources */ = {isa = PBXBuildFile; fileRef = CB6893702622173C00A4C558 /* LaunchScreen.storyboard */; };
		CB6893802622212400A4C558 /* HomeViewController.swift in Sources */ = {isa = PBXBuildFile; fileRef = CB68937F2622212400A4C558 /* HomeViewController.swift */; };
		CB6893842622213000A4C558 /* Home.storyboard in Resources */ = {isa = PBXBuildFile; fileRef = CB6893832622213000A4C558 /* Home.storyboard */; };
		CB68938E26226AB000A4C558 /* GalleryCollectionViewCell.xib in Resources */ = {isa = PBXBuildFile; fileRef = CB68938C26226AB000A4C558 /* GalleryCollectionViewCell.xib */; };
		CB68938F26226AB000A4C558 /* GalleryCollectionViewCell.swift in Sources */ = {isa = PBXBuildFile; fileRef = CB68938D26226AB000A4C558 /* GalleryCollectionViewCell.swift */; };
/* End PBXBuildFile section */

/* Begin PBXFileReference section */
		461EE64A2B961BDA2FAE8352 /* Pods-Junior Studios.release.xcconfig */ = {isa = PBXFileReference; includeInIndex = 1; lastKnownFileType = text.xcconfig; name = "Pods-Junior Studios.release.xcconfig"; path = "Target Support Files/Pods-Junior Studios/Pods-Junior Studios.release.xcconfig"; sourceTree = "<group>"; };
		95FF460B5DA621DA7E84CCFB /* Pods-Junior Studios.debug.xcconfig */ = {isa = PBXFileReference; includeInIndex = 1; lastKnownFileType = text.xcconfig; name = "Pods-Junior Studios.debug.xcconfig"; path = "Target Support Files/Pods-Junior Studios/Pods-Junior Studios.debug.xcconfig"; sourceTree = "<group>"; };
		CB1BB0F22623292D00C741A1 /* AlbumModel.swift */ = {isa = PBXFileReference; lastKnownFileType = sourcecode.swift; path = AlbumModel.swift; sourceTree = "<group>"; };
		CB1BB0F826237D3100C741A1 /* AlbumViewController.swift */ = {isa = PBXFileReference; lastKnownFileType = sourcecode.swift; path = AlbumViewController.swift; sourceTree = "<group>"; };
		CB1BB0FB26237D3B00C741A1 /* Album.storyboard */ = {isa = PBXFileReference; lastKnownFileType = file.storyboard; path = Album.storyboard; sourceTree = "<group>"; };
		CB1BB10126237E3B00C741A1 /* AlbumCollectionViewCell.xib */ = {isa = PBXFileReference; lastKnownFileType = file.xib; path = AlbumCollectionViewCell.xib; sourceTree = "<group>"; };
		CB1BB10226237E3B00C741A1 /* AlbumCollectionViewCell.swift */ = {isa = PBXFileReference; lastKnownFileType = sourcecode.swift; path = AlbumCollectionViewCell.swift; sourceTree = "<group>"; };
		CB1BB10726238FB600C741A1 /* AlbumAssetModel.swift */ = {isa = PBXFileReference; lastKnownFileType = sourcecode.swift; path = AlbumAssetModel.swift; sourceTree = "<group>"; };
		CB6893622622173B00A4C558 /* Junior Studios.app */ = {isa = PBXFileReference; explicitFileType = wrapper.application; includeInIndex = 0; path = "Junior Studios.app"; sourceTree = BUILT_PRODUCTS_DIR; };
		CB6893652622173B00A4C558 /* AppDelegate.swift */ = {isa = PBXFileReference; lastKnownFileType = sourcecode.swift; path = AppDelegate.swift; sourceTree = "<group>"; };
		CB6893672622173B00A4C558 /* SceneDelegate.swift */ = {isa = PBXFileReference; lastKnownFileType = sourcecode.swift; path = SceneDelegate.swift; sourceTree = "<group>"; };
		CB68936E2622173C00A4C558 /* Assets.xcassets */ = {isa = PBXFileReference; lastKnownFileType = folder.assetcatalog; path = Assets.xcassets; sourceTree = "<group>"; };
		CB6893712622173C00A4C558 /* Base */ = {isa = PBXFileReference; lastKnownFileType = file.storyboard; name = Base; path = Base.lproj/LaunchScreen.storyboard; sourceTree = "<group>"; };
		CB6893732622173C00A4C558 /* Info.plist */ = {isa = PBXFileReference; lastKnownFileType = text.plist.xml; path = Info.plist; sourceTree = "<group>"; };
		CB68937F2622212400A4C558 /* HomeViewController.swift */ = {isa = PBXFileReference; lastKnownFileType = sourcecode.swift; path = HomeViewController.swift; sourceTree = "<group>"; };
		CB6893832622213000A4C558 /* Home.storyboard */ = {isa = PBXFileReference; lastKnownFileType = file.storyboard; path = Home.storyboard; sourceTree = "<group>"; };
		CB68938C26226AB000A4C558 /* GalleryCollectionViewCell.xib */ = {isa = PBXFileReference; lastKnownFileType = file.xib; path = GalleryCollectionViewCell.xib; sourceTree = "<group>"; };
		CB68938D26226AB000A4C558 /* GalleryCollectionViewCell.swift */ = {isa = PBXFileReference; lastKnownFileType = sourcecode.swift; path = GalleryCollectionViewCell.swift; sourceTree = "<group>"; };
		D9EBD438042D87C1424E52CF /* Pods_Junior_Studios.framework */ = {isa = PBXFileReference; explicitFileType = wrapper.framework; includeInIndex = 0; path = Pods_Junior_Studios.framework; sourceTree = BUILT_PRODUCTS_DIR; };
/* End PBXFileReference section */

/* Begin PBXFrameworksBuildPhase section */
		CB68935F2622173B00A4C558 /* Frameworks */ = {
			isa = PBXFrameworksBuildPhase;
			buildActionMask = 2147483647;
			files = (
				3AA704A053397464F96E5484 /* Pods_Junior_Studios.framework in Frameworks */,
			);
			runOnlyForDeploymentPostprocessing = 0;
		};
/* End PBXFrameworksBuildPhase section */

/* Begin PBXGroup section */
		51283E5BD4EA4D0804886699 /* Pods */ = {
			isa = PBXGroup;
			children = (
				95FF460B5DA621DA7E84CCFB /* Pods-Junior Studios.debug.xcconfig */,
				461EE64A2B961BDA2FAE8352 /* Pods-Junior Studios.release.xcconfig */,
			);
			name = Pods;
			path = Pods;
			sourceTree = "<group>";
		};
		CB1BB0F12623291B00C741A1 /* Model */ = {
			isa = PBXGroup;
			children = (
				CB1BB0F22623292D00C741A1 /* AlbumModel.swift */,
				CB1BB10726238FB600C741A1 /* AlbumAssetModel.swift */,
			);
			path = Model;
			sourceTree = "<group>";
		};
		CB1BB0F626237CE200C741A1 /* AlbumScene */ = {
			isa = PBXGroup;
			children = (
				CB1BB0F726237D0600C741A1 /* View */,
			);
			path = AlbumScene;
			sourceTree = "<group>";
		};
		CB1BB0F726237D0600C741A1 /* View */ = {
			isa = PBXGroup;
			children = (
				CB1BB0F826237D3100C741A1 /* AlbumViewController.swift */,
				CB1BB0FB26237D3B00C741A1 /* Album.storyboard */,
			);
			path = View;
			sourceTree = "<group>";
		};
		CB1BB0FF26237DF500C741A1 /* GalleryCollectionViewCell */ = {
			isa = PBXGroup;
			children = (
				CB68938C26226AB000A4C558 /* GalleryCollectionViewCell.xib */,
				CB68938D26226AB000A4C558 /* GalleryCollectionViewCell.swift */,
			);
			path = GalleryCollectionViewCell;
			sourceTree = "<group>";
		};
		CB1BB10026237E0A00C741A1 /* AlbumCollectionViewCell */ = {
			isa = PBXGroup;
			children = (
				CB1BB10126237E3B00C741A1 /* AlbumCollectionViewCell.xib */,
				CB1BB10226237E3B00C741A1 /* AlbumCollectionViewCell.swift */,
			);
			path = AlbumCollectionViewCell;
			sourceTree = "<group>";
		};
		CB6893592622173B00A4C558 = {
			isa = PBXGroup;
			children = (
				CB6893642622173B00A4C558 /* Junior Studios */,
				CB6893632622173B00A4C558 /* Products */,
				51283E5BD4EA4D0804886699 /* Pods */,
				F829AC84185E3FCC859D7E8B /* Frameworks */,
			);
			sourceTree = "<group>";
		};
		CB6893632622173B00A4C558 /* Products */ = {
			isa = PBXGroup;
			children = (
				CB6893622622173B00A4C558 /* Junior Studios.app */,
			);
			name = Products;
			sourceTree = "<group>";
		};
		CB6893642622173B00A4C558 /* Junior Studios */ = {
			isa = PBXGroup;
			children = (
				CB1BB0F626237CE200C741A1 /* AlbumScene */,
				CB68937D262220F300A4C558 /* HomeScene */,
				CB1BB0F12623291B00C741A1 /* Model */,
				CB68938A26226A6E00A4C558 /* CustomCells */,
				CB6893652622173B00A4C558 /* AppDelegate.swift */,
				CB6893672622173B00A4C558 /* SceneDelegate.swift */,
				CB68936E2622173C00A4C558 /* Assets.xcassets */,
				CB6893702622173C00A4C558 /* LaunchScreen.storyboard */,
				CB6893732622173C00A4C558 /* Info.plist */,
			);
			path = "Junior Studios";
			sourceTree = "<group>";
		};
		CB68937D262220F300A4C558 /* HomeScene */ = {
			isa = PBXGroup;
			children = (
				CB68937E2622210700A4C558 /* View */,
			);
			path = HomeScene;
			sourceTree = "<group>";
		};
		CB68937E2622210700A4C558 /* View */ = {
			isa = PBXGroup;
			children = (
				CB68937F2622212400A4C558 /* HomeViewController.swift */,
				CB6893832622213000A4C558 /* Home.storyboard */,
			);
			path = View;
			sourceTree = "<group>";
		};
		CB68938A26226A6E00A4C558 /* CustomCells */ = {
			isa = PBXGroup;
			children = (
				CB1BB10026237E0A00C741A1 /* AlbumCollectionViewCell */,
				CB1BB0FF26237DF500C741A1 /* GalleryCollectionViewCell */,
			);
			path = CustomCells;
			sourceTree = "<group>";
		};
		F829AC84185E3FCC859D7E8B /* Frameworks */ = {
			isa = PBXGroup;
			children = (
				D9EBD438042D87C1424E52CF /* Pods_Junior_Studios.framework */,
			);
			name = Frameworks;
			sourceTree = "<group>";
		};
/* End PBXGroup section */

/* Begin PBXNativeTarget section */
		CB6893612622173B00A4C558 /* Junior Studios */ = {
			isa = PBXNativeTarget;
			buildConfigurationList = CB6893762622173C00A4C558 /* Build configuration list for PBXNativeTarget "Junior Studios" */;
			buildPhases = (
				9F3E228435C9F93FD11B5C13 /* [CP] Check Pods Manifest.lock */,
				CB68935E2622173B00A4C558 /* Sources */,
				CB68935F2622173B00A4C558 /* Frameworks */,
				CB6893602622173B00A4C558 /* Resources */,
			);
			buildRules = (
			);
			dependencies = (
			);
			name = "Junior Studios";
			productName = "Junior Studios";
			productReference = CB6893622622173B00A4C558 /* Junior Studios.app */;
			productType = "com.apple.product-type.application";
		};
/* End PBXNativeTarget section */

/* Begin PBXProject section */
		CB68935A2622173B00A4C558 /* Project object */ = {
			isa = PBXProject;
			attributes = {
				LastSwiftUpdateCheck = 1240;
				LastUpgradeCheck = 1240;
				TargetAttributes = {
					CB6893612622173B00A4C558 = {
						CreatedOnToolsVersion = 12.4;
					};
				};
			};
			buildConfigurationList = CB68935D2622173B00A4C558 /* Build configuration list for PBXProject "Junior Studios" */;
			compatibilityVersion = "Xcode 9.3";
			developmentRegion = en;
			hasScannedForEncodings = 0;
			knownRegions = (
				en,
				Base,
			);
			mainGroup = CB6893592622173B00A4C558;
			productRefGroup = CB6893632622173B00A4C558 /* Products */;
			projectDirPath = "";
			projectRoot = "";
			targets = (
				CB6893612622173B00A4C558 /* Junior Studios */,
			);
		};
/* End PBXProject section */

/* Begin PBXResourcesBuildPhase section */
		CB6893602622173B00A4C558 /* Resources */ = {
			isa = PBXResourcesBuildPhase;
			buildActionMask = 2147483647;
			files = (
				CB6893842622213000A4C558 /* Home.storyboard in Resources */,
				CB68938E26226AB000A4C558 /* GalleryCollectionViewCell.xib in Resources */,
				CB6893722622173C00A4C558 /* LaunchScreen.storyboard in Resources */,
				CB68936F2622173C00A4C558 /* Assets.xcassets in Resources */,
				CB1BB10326237E3B00C741A1 /* AlbumCollectionViewCell.xib in Resources */,
				CB1BB0FC26237D3B00C741A1 /* Album.storyboard in Resources */,
			);
			runOnlyForDeploymentPostprocessing = 0;
		};
/* End PBXResourcesBuildPhase section */

/* Begin PBXShellScriptBuildPhase section */
		9F3E228435C9F93FD11B5C13 /* [CP] Check Pods Manifest.lock */ = {
			isa = PBXShellScriptBuildPhase;
			buildActionMask = 2147483647;
			files = (
			);
			inputFileListPaths = (
			);
			inputPaths = (
				"${PODS_PODFILE_DIR_PATH}/Podfile.lock",
				"${PODS_ROOT}/Manifest.lock",
			);
			name = "[CP] Check Pods Manifest.lock";
			outputFileListPaths = (
			);
			outputPaths = (
				"$(DERIVED_FILE_DIR)/Pods-Junior Studios-checkManifestLockResult.txt",
			);
			runOnlyForDeploymentPostprocessing = 0;
			shellPath = /bin/sh;
			shellScript = "diff \"${PODS_PODFILE_DIR_PATH}/Podfile.lock\" \"${PODS_ROOT}/Manifest.lock\" > /dev/null\nif [ $? != 0 ] ; then\n    # print error to STDERR\n    echo \"error: The sandbox is not in sync with the Podfile.lock. Run 'pod install' or update your CocoaPods installation.\" >&2\n    exit 1\nfi\n# This output is used by Xcode 'outputs' to avoid re-running this script phase.\necho \"SUCCESS\" > \"${SCRIPT_OUTPUT_FILE_0}\"\n";
			showEnvVarsInLog = 0;
		};
/* End PBXShellScriptBuildPhase section */

/* Begin PBXSourcesBuildPhase section */
		CB68935E2622173B00A4C558 /* Sources */ = {
			isa = PBXSourcesBuildPhase;
			buildActionMask = 2147483647;
			files = (
				CB1BB0F926237D3100C741A1 /* AlbumViewController.swift in Sources */,
				CB6893662622173B00A4C558 /* AppDelegate.swift in Sources */,
				CB1BB10826238FB600C741A1 /* AlbumAssetModel.swift in Sources */,
				CB1BB0F32623292D00C741A1 /* AlbumModel.swift in Sources */,
				CB68938F26226AB000A4C558 /* GalleryCollectionViewCell.swift in Sources */,
				CB6893682622173B00A4C558 /* SceneDelegate.swift in Sources */,
				CB6893802622212400A4C558 /* HomeViewController.swift in Sources */,
				CB1BB10426237E3B00C741A1 /* AlbumCollectionViewCell.swift in Sources */,
			);
			runOnlyForDeploymentPostprocessing = 0;
		};
/* End PBXSourcesBuildPhase section */

/* Begin PBXVariantGroup section */
		CB6893702622173C00A4C558 /* LaunchScreen.storyboard */ = {
			isa = PBXVariantGroup;
			children = (
				CB6893712622173C00A4C558 /* Base */,
			);
			name = LaunchScreen.storyboard;
			sourceTree = "<group>";
		};
/* End PBXVariantGroup section */

/* Begin XCBuildConfiguration section */
		CB6893742622173C00A4C558 /* Debug */ = {
			isa = XCBuildConfiguration;
			buildSettings = {
				ALWAYS_SEARCH_USER_PATHS = NO;
				CLANG_ANALYZER_NONNULL = YES;
				CLANG_ANALYZER_NUMBER_OBJECT_CONVERSION = YES_AGGRESSIVE;
				CLANG_CXX_LANGUAGE_STANDARD = "gnu++14";
				CLANG_CXX_LIBRARY = "libc++";
				CLANG_ENABLE_MODULES = YES;
				CLANG_ENABLE_OBJC_ARC = YES;
				CLANG_ENABLE_OBJC_WEAK = YES;
				CLANG_WARN_BLOCK_CAPTURE_AUTORELEASING = YES;
				CLANG_WARN_BOOL_CONVERSION = YES;
				CLANG_WARN_COMMA = YES;
				CLANG_WARN_CONSTANT_CONVERSION = YES;
				CLANG_WARN_DEPRECATED_OBJC_IMPLEMENTATIONS = YES;
				CLANG_WARN_DIRECT_OBJC_ISA_USAGE = YES_ERROR;
				CLANG_WARN_DOCUMENTATION_COMMENTS = YES;
				CLANG_WARN_EMPTY_BODY = YES;
				CLANG_WARN_ENUM_CONVERSION = YES;
				CLANG_WARN_INFINITE_RECURSION = YES;
				CLANG_WARN_INT_CONVERSION = YES;
				CLANG_WARN_NON_LITERAL_NULL_CONVERSION = YES;
				CLANG_WARN_OBJC_IMPLICIT_RETAIN_SELF = YES;
				CLANG_WARN_OBJC_LITERAL_CONVERSION = YES;
				CLANG_WARN_OBJC_ROOT_CLASS = YES_ERROR;
				CLANG_WARN_QUOTED_INCLUDE_IN_FRAMEWORK_HEADER = YES;
				CLANG_WARN_RANGE_LOOP_ANALYSIS = YES;
				CLANG_WARN_STRICT_PROTOTYPES = YES;
				CLANG_WARN_SUSPICIOUS_MOVE = YES;
				CLANG_WARN_UNGUARDED_AVAILABILITY = YES_AGGRESSIVE;
				CLANG_WARN_UNREACHABLE_CODE = YES;
				CLANG_WARN__DUPLICATE_METHOD_MATCH = YES;
				COPY_PHASE_STRIP = NO;
				DEBUG_INFORMATION_FORMAT = dwarf;
				ENABLE_STRICT_OBJC_MSGSEND = YES;
				ENABLE_TESTABILITY = YES;
				GCC_C_LANGUAGE_STANDARD = gnu11;
				GCC_DYNAMIC_NO_PIC = NO;
				GCC_NO_COMMON_BLOCKS = YES;
				GCC_OPTIMIZATION_LEVEL = 0;
				GCC_PREPROCESSOR_DEFINITIONS = (
					"DEBUG=1",
					"$(inherited)",
				);
				GCC_WARN_64_TO_32_BIT_CONVERSION = YES;
				GCC_WARN_ABOUT_RETURN_TYPE = YES_ERROR;
				GCC_WARN_UNDECLARED_SELECTOR = YES;
				GCC_WARN_UNINITIALIZED_AUTOS = YES_AGGRESSIVE;
				GCC_WARN_UNUSED_FUNCTION = YES;
				GCC_WARN_UNUSED_VARIABLE = YES;
				IPHONEOS_DEPLOYMENT_TARGET = 12.0;
				MTL_ENABLE_DEBUG_INFO = INCLUDE_SOURCE;
				MTL_FAST_MATH = YES;
				ONLY_ACTIVE_ARCH = YES;
				SDKROOT = iphoneos;
				SWIFT_ACTIVE_COMPILATION_CONDITIONS = DEBUG;
				SWIFT_OPTIMIZATION_LEVEL = "-Onone";
			};
			name = Debug;
		};
		CB6893752622173C00A4C558 /* Release */ = {
			isa = XCBuildConfiguration;
			buildSettings = {
				ALWAYS_SEARCH_USER_PATHS = NO;
				CLANG_ANALYZER_NONNULL = YES;
				CLANG_ANALYZER_NUMBER_OBJECT_CONVERSION = YES_AGGRESSIVE;
				CLANG_CXX_LANGUAGE_STANDARD = "gnu++14";
				CLANG_CXX_LIBRARY = "libc++";
				CLANG_ENABLE_MODULES = YES;
				CLANG_ENABLE_OBJC_ARC = YES;
				CLANG_ENABLE_OBJC_WEAK = YES;
				CLANG_WARN_BLOCK_CAPTURE_AUTORELEASING = YES;
				CLANG_WARN_BOOL_CONVERSION = YES;
				CLANG_WARN_COMMA = YES;
				CLANG_WARN_CONSTANT_CONVERSION = YES;
				CLANG_WARN_DEPRECATED_OBJC_IMPLEMENTATIONS = YES;
				CLANG_WARN_DIRECT_OBJC_ISA_USAGE = YES_ERROR;
				CLANG_WARN_DOCUMENTATION_COMMENTS = YES;
				CLANG_WARN_EMPTY_BODY = YES;
				CLANG_WARN_ENUM_CONVERSION = YES;
				CLANG_WARN_INFINITE_RECURSION = YES;
				CLANG_WARN_INT_CONVERSION = YES;
				CLANG_WARN_NON_LITERAL_NULL_CONVERSION = YES;
				CLANG_WARN_OBJC_IMPLICIT_RETAIN_SELF = YES;
				CLANG_WARN_OBJC_LITERAL_CONVERSION = YES;
				CLANG_WARN_OBJC_ROOT_CLASS = YES_ERROR;
				CLANG_WARN_QUOTED_INCLUDE_IN_FRAMEWORK_HEADER = YES;
				CLANG_WARN_RANGE_LOOP_ANALYSIS = YES;
				CLANG_WARN_STRICT_PROTOTYPES = YES;
				CLANG_WARN_SUSPICIOUS_MOVE = YES;
				CLANG_WARN_UNGUARDED_AVAILABILITY = YES_AGGRESSIVE;
				CLANG_WARN_UNREACHABLE_CODE = YES;
				CLANG_WARN__DUPLICATE_METHOD_MATCH = YES;
				COPY_PHASE_STRIP = NO;
				DEBUG_INFORMATION_FORMAT = "dwarf-with-dsym";
				ENABLE_NS_ASSERTIONS = NO;
				ENABLE_STRICT_OBJC_MSGSEND = YES;
				GCC_C_LANGUAGE_STANDARD = gnu11;
				GCC_NO_COMMON_BLOCKS = YES;
				GCC_WARN_64_TO_32_BIT_CONVERSION = YES;
				GCC_WARN_ABOUT_RETURN_TYPE = YES_ERROR;
				GCC_WARN_UNDECLARED_SELECTOR = YES;
				GCC_WARN_UNINITIALIZED_AUTOS = YES_AGGRESSIVE;
				GCC_WARN_UNUSED_FUNCTION = YES;
				GCC_WARN_UNUSED_VARIABLE = YES;
				IPHONEOS_DEPLOYMENT_TARGET = 12.0;
				MTL_ENABLE_DEBUG_INFO = NO;
				MTL_FAST_MATH = YES;
				SDKROOT = iphoneos;
				SWIFT_COMPILATION_MODE = wholemodule;
				SWIFT_OPTIMIZATION_LEVEL = "-O";
				VALIDATE_PRODUCT = YES;
			};
			name = Release;
		};
		CB6893772622173C00A4C558 /* Debug */ = {
			isa = XCBuildConfiguration;
			baseConfigurationReference = 95FF460B5DA621DA7E84CCFB /* Pods-Junior Studios.debug.xcconfig */;
			buildSettings = {
				ASSETCATALOG_COMPILER_APPICON_NAME = AppIcon;
				ASSETCATALOG_COMPILER_GLOBAL_ACCENT_COLOR_NAME = AccentColor;
				CODE_SIGN_STYLE = Automatic;
				DEVELOPMENT_TEAM = H9CA4UU97K;
				INFOPLIST_FILE = "Junior Studios/Info.plist";
				LD_RUNPATH_SEARCH_PATHS = (
					"$(inherited)",
					"@executable_path/Frameworks",
				);
				PRODUCT_BUNDLE_IDENTIFIER = "com.marwan.Junior-Studios";
				PRODUCT_NAME = "$(TARGET_NAME)";
				SWIFT_VERSION = 5.0;
				TARGETED_DEVICE_FAMILY = "1,2";
			};
			name = Debug;
		};
		CB6893782622173C00A4C558 /* Release */ = {
			isa = XCBuildConfiguration;
			baseConfigurationReference = 461EE64A2B961BDA2FAE8352 /* Pods-Junior Studios.release.xcconfig */;
			buildSettings = {
				ASSETCATALOG_COMPILER_APPICON_NAME = AppIcon;
				ASSETCATALOG_COMPILER_GLOBAL_ACCENT_COLOR_NAME = AccentColor;
				CODE_SIGN_STYLE = Automatic;
				DEVELOPMENT_TEAM = H9CA4UU97K;
				INFOPLIST_FILE = "Junior Studios/Info.plist";
				LD_RUNPATH_SEARCH_PATHS = (
					"$(inherited)",
					"@executable_path/Frameworks",
				);
				PRODUCT_BUNDLE_IDENTIFIER = "com.marwan.Junior-Studios";
				PRODUCT_NAME = "$(TARGET_NAME)";
				SWIFT_VERSION = 5.0;
				TARGETED_DEVICE_FAMILY = "1,2";
			};
			name = Release;
		};
/* End XCBuildConfiguration section */

/* Begin XCConfigurationList section */
		CB68935D2622173B00A4C558 /* Build configuration list for PBXProject "Junior Studios" */ = {
			isa = XCConfigurationList;
			buildConfigurations = (
				CB6893742622173C00A4C558 /* Debug */,
				CB6893752622173C00A4C558 /* Release */,
			);
			defaultConfigurationIsVisible = 0;
			defaultConfigurationName = Release;
		};
		CB6893762622173C00A4C558 /* Build configuration list for PBXNativeTarget "Junior Studios" */ = {
			isa = XCConfigurationList;
			buildConfigurations = (
				CB6893772622173C00A4C558 /* Debug */,
				CB6893782622173C00A4C558 /* Release */,
			);
			defaultConfigurationIsVisible = 0;
			defaultConfigurationName = Release;
		};
/* End XCConfigurationList section */
	};
	rootObject = CB68935A2622173B00A4C558 /* Project object */;
}
